
Microsoft Visual Studio Solution File, Format Version 12.00
# Visual Studio Version 17
VisualStudioVersion = 17.3.32819.101
MinimumVisualStudioVersion = 10.0.40219.1
Project("{FAE04EC0-301F-11D3-BF4B-00C04F79EFBC}") = "Booking_Flight_Application", "Booking_Flight_Application\Booking_Flight_Application.csproj", "{D5A899D0-7A98-4766-B216-D9264C28E455}"
EndProject
Global
	GlobalSection(SolutionConfigurationPlatforms) = preSolution
		Debug|Any CPU = Debug|Any CPU
		Release|Any CPU = Release|Any CPU
	EndGlobalSection
	GlobalSection(ProjectConfigurationPlatforms) = postSolution
		{D5A899D0-7A98-4766-B216-D9264C28E455}.Debug|Any CPU.ActiveCfg = Debug|Any CPU
		{D5A899D0-7A98-4766-B216-D9264C28E455}.Debug|Any CPU.Build.0 = Debug|Any CPU
		{D5A899D0-7A98-4766-B216-D9264C28E455}.Release|Any CPU.ActiveCfg = Release|Any CPU
		{D5A899D0-7A98-4766-B216-D9264C28E455}.Release|Any CPU.Build.0 = Release|Any CPU
	EndGlobalSection
	GlobalSection(SolutionProperties) = preSolution
		HideSolutionNode = FALSE
	EndGlobalSection
	GlobalSection(ExtensibilityGlobals) = postSolution
		SolutionGuid = {9696DAA2-0759-47E7-99F2-BB7F0A4079C9}
	EndGlobalSection
EndGlobal
